// !$*UTF8*$!
{
	archiveVersion = 1;
	classes = {
	};
	objectVersion = 56;
	objects = {

/* Begin PBXBuildFile section */
		AE0C6D7B2C47318100A92672 /* LoginView.swift in Sources */ = {isa = PBXBuildFile; fileRef = AE0C6D7A2C47318100A92672 /* LoginView.swift */; };
		AE0C6D7D2C4833B900A92672 /* InputView.swift in Sources */ = {isa = PBXBuildFile; fileRef = AE0C6D7C2C4833B900A92672 /* InputView.swift */; };
		AE0C6D7F2C49820300A92672 /* InitializationView.swift in Sources */ = {isa = PBXBuildFile; fileRef = AE0C6D7E2C49820300A92672 /* InitializationView.swift */; };
		AE0C6D812C49873B00A92672 /* RegistrationView.swift in Sources */ = {isa = PBXBuildFile; fileRef = AE0C6D802C49873B00A92672 /* RegistrationView.swift */; };
		AE44466F2C2DF1AD00C68CA8 /* TipTuneApp.swift in Sources */ = {isa = PBXBuildFile; fileRef = AE44466E2C2DF1AD00C68CA8 /* TipTuneApp.swift */; };
		AE4446712C2DF1AD00C68CA8 /* ContentView.swift in Sources */ = {isa = PBXBuildFile; fileRef = AE4446702C2DF1AD00C68CA8 /* ContentView.swift */; };
		AE4446732C2DF1B200C68CA8 /* Assets.xcassets in Resources */ = {isa = PBXBuildFile; fileRef = AE4446722C2DF1B200C68CA8 /* Assets.xcassets */; };
		AE4446762C2DF1B200C68CA8 /* Preview Assets.xcassets in Resources */ = {isa = PBXBuildFile; fileRef = AE4446752C2DF1B200C68CA8 /* Preview Assets.xcassets */; };
		AE4446802C2DF1B300C68CA8 /* TipTuneTests.swift in Sources */ = {isa = PBXBuildFile; fileRef = AE44467F2C2DF1B300C68CA8 /* TipTuneTests.swift */; };
		AE44468A2C2DF1B300C68CA8 /* TipTuneUITests.swift in Sources */ = {isa = PBXBuildFile; fileRef = AE4446892C2DF1B300C68CA8 /* TipTuneUITests.swift */; };
		AE44468C2C2DF1B300C68CA8 /* TipTuneUITestsLaunchTests.swift in Sources */ = {isa = PBXBuildFile; fileRef = AE44468B2C2DF1B300C68CA8 /* TipTuneUITestsLaunchTests.swift */; };
		AE44469C2C2F903C00C68CA8 /* InputTextField.swift in Sources */ = {isa = PBXBuildFile; fileRef = AE44469B2C2F903C00C68CA8 /* InputTextField.swift */; };
/* End PBXBuildFile section */

/* Begin PBXContainerItemProxy section */
		AE44467C2C2DF1B300C68CA8 /* PBXContainerItemProxy */ = {
			isa = PBXContainerItemProxy;
			containerPortal = AE4446632C2DF1AD00C68CA8 /* Project object */;
			proxyType = 1;
			remoteGlobalIDString = AE44466A2C2DF1AD00C68CA8;
			remoteInfo = TipTune;
		};
		AE4446862C2DF1B300C68CA8 /* PBXContainerItemProxy */ = {
			isa = PBXContainerItemProxy;
			containerPortal = AE4446632C2DF1AD00C68CA8 /* Project object */;
			proxyType = 1;
			remoteGlobalIDString = AE44466A2C2DF1AD00C68CA8;
			remoteInfo = TipTune;
		};
/* End PBXContainerItemProxy section */

/* Begin PBXFileReference section */
		AE0C6D7A2C47318100A92672 /* LoginView.swift */ = {isa = PBXFileReference; lastKnownFileType = sourcecode.swift; path = LoginView.swift; sourceTree = "<group>"; };
		AE0C6D7C2C4833B900A92672 /* InputView.swift */ = {isa = PBXFileReference; lastKnownFileType = sourcecode.swift; path = InputView.swift; sourceTree = "<group>"; };
		AE0C6D7E2C49820300A92672 /* InitializationView.swift */ = {isa = PBXFileReference; lastKnownFileType = sourcecode.swift; path = InitializationView.swift; sourceTree = "<group>"; };
		AE0C6D802C49873B00A92672 /* RegistrationView.swift */ = {isa = PBXFileReference; lastKnownFileType = sourcecode.swift; path = RegistrationView.swift; sourceTree = "<group>"; };
		AE44466B2C2DF1AD00C68CA8 /* TipTune.app */ = {isa = PBXFileReference; explicitFileType = wrapper.application; includeInIndex = 0; path = TipTune.app; sourceTree = BUILT_PRODUCTS_DIR; };
		AE44466E2C2DF1AD00C68CA8 /* TipTuneApp.swift */ = {isa = PBXFileReference; lastKnownFileType = sourcecode.swift; path = TipTuneApp.swift; sourceTree = "<group>"; };
		AE4446702C2DF1AD00C68CA8 /* ContentView.swift */ = {isa = PBXFileReference; lastKnownFileType = sourcecode.swift; path = ContentView.swift; sourceTree = "<group>"; };
		AE4446722C2DF1B200C68CA8 /* Assets.xcassets */ = {isa = PBXFileReference; lastKnownFileType = folder.assetcatalog; path = Assets.xcassets; sourceTree = "<group>"; };
		AE4446752C2DF1B200C68CA8 /* Preview Assets.xcassets */ = {isa = PBXFileReference; lastKnownFileType = folder.assetcatalog; path = "Preview Assets.xcassets"; sourceTree = "<group>"; };
		AE44467B2C2DF1B300C68CA8 /* TipTuneTests.xctest */ = {isa = PBXFileReference; explicitFileType = wrapper.cfbundle; includeInIndex = 0; path = TipTuneTests.xctest; sourceTree = BUILT_PRODUCTS_DIR; };
		AE44467F2C2DF1B300C68CA8 /* TipTuneTests.swift */ = {isa = PBXFileReference; lastKnownFileType = sourcecode.swift; path = TipTuneTests.swift; sourceTree = "<group>"; };
		AE4446852C2DF1B300C68CA8 /* TipTuneUITests.xctest */ = {isa = PBXFileReference; explicitFileType = wrapper.cfbundle; includeInIndex = 0; path = TipTuneUITests.xctest; sourceTree = BUILT_PRODUCTS_DIR; };
		AE4446892C2DF1B300C68CA8 /* TipTuneUITests.swift */ = {isa = PBXFileReference; lastKnownFileType = sourcecode.swift; path = TipTuneUITests.swift; sourceTree = "<group>"; };
		AE44468B2C2DF1B300C68CA8 /* TipTuneUITestsLaunchTests.swift */ = {isa = PBXFileReference; lastKnownFileType = sourcecode.swift; path = TipTuneUITestsLaunchTests.swift; sourceTree = "<group>"; };
		AE44469B2C2F903C00C68CA8 /* InputTextField.swift */ = {isa = PBXFileReference; lastKnownFileType = sourcecode.swift; path = InputTextField.swift; sourceTree = "<group>"; };
/* End PBXFileReference section */

/* Begin PBXFrameworksBuildPhase section */
		AE4446682C2DF1AD00C68CA8 /* Frameworks */ = {
			isa = PBXFrameworksBuildPhase;
			buildActionMask = 2147483647;
			files = (
			);
			runOnlyForDeploymentPostprocessing = 0;
		};
		AE4446782C2DF1B300C68CA8 /* Frameworks */ = {
			isa = PBXFrameworksBuildPhase;
			buildActionMask = 2147483647;
			files = (
			);
			runOnlyForDeploymentPostprocessing = 0;
		};
		AE4446822C2DF1B300C68CA8 /* Frameworks */ = {
			isa = PBXFrameworksBuildPhase;
			buildActionMask = 2147483647;
			files = (
			);
			runOnlyForDeploymentPostprocessing = 0;
		};
/* End PBXFrameworksBuildPhase section */

/* Begin PBXGroup section */
		AE0C6D732C47300D00A92672 /* App */ = {
			isa = PBXGroup;
			children = (
				AE44466E2C2DF1AD00C68CA8 /* TipTuneApp.swift */,
			);
			path = App;
			sourceTree = "<group>";
		};
		AE0C6D742C47301500A92672 /* Model */ = {
			isa = PBXGroup;
			children = (
			);
			path = Model;
			sourceTree = "<group>";
		};
		AE0C6D762C47302500A92672 /* Core */ = {
			isa = PBXGroup;
			children = (
				AE0C6D782C47311000A92672 /* Authentication */,
				AE0C6D792C47312200A92672 /* Profile */,
				AE0C6D772C4730FC00A92672 /* Root */,
			);
			path = Core;
			sourceTree = "<group>";
		};
		AE0C6D772C4730FC00A92672 /* Root */ = {
			isa = PBXGroup;
			children = (
				AE4446702C2DF1AD00C68CA8 /* ContentView.swift */,
			);
			path = Root;
			sourceTree = "<group>";
		};
		AE0C6D782C47311000A92672 /* Authentication */ = {
			isa = PBXGroup;
			children = (
				AE0C6D7A2C47318100A92672 /* LoginView.swift */,
				AE0C6D7E2C49820300A92672 /* InitializationView.swift */,
				AE0C6D802C49873B00A92672 /* RegistrationView.swift */,
			);
			path = Authentication;
			sourceTree = "<group>";
		};
		AE0C6D792C47312200A92672 /* Profile */ = {
			isa = PBXGroup;
			children = (
			);
			path = Profile;
			sourceTree = "<group>";
		};
		AE4446622C2DF1AD00C68CA8 = {
			isa = PBXGroup;
			children = (
				AE44466D2C2DF1AD00C68CA8 /* TipTune */,
				AE44467E2C2DF1B300C68CA8 /* TipTuneTests */,
				AE4446882C2DF1B300C68CA8 /* TipTuneUITests */,
				AE44466C2C2DF1AD00C68CA8 /* Products */,
			);
			sourceTree = "<group>";
		};
		AE44466C2C2DF1AD00C68CA8 /* Products */ = {
			isa = PBXGroup;
			children = (
				AE44466B2C2DF1AD00C68CA8 /* TipTune.app */,
				AE44467B2C2DF1B300C68CA8 /* TipTuneTests.xctest */,
				AE4446852C2DF1B300C68CA8 /* TipTuneUITests.xctest */,
			);
			name = Products;
			sourceTree = "<group>";
		};
		AE44466D2C2DF1AD00C68CA8 /* TipTune */ = {
			isa = PBXGroup;
			children = (
				AE0C6D732C47300D00A92672 /* App */,
				AE4446982C2DFFD900C68CA8 /* Components */,
				AE0C6D762C47302500A92672 /* Core */,
				AE0C6D742C47301500A92672 /* Model */,
				AE4446722C2DF1B200C68CA8 /* Assets.xcassets */,
				AE4446742C2DF1B200C68CA8 /* Preview Content */,
			);
			path = TipTune;
			sourceTree = "<group>";
		};
		AE4446742C2DF1B200C68CA8 /* Preview Content */ = {
			isa = PBXGroup;
			children = (
				AE4446752C2DF1B200C68CA8 /* Preview Assets.xcassets */,
			);
			path = "Preview Content";
			sourceTree = "<group>";
		};
		AE44467E2C2DF1B300C68CA8 /* TipTuneTests */ = {
			isa = PBXGroup;
			children = (
				AE44467F2C2DF1B300C68CA8 /* TipTuneTests.swift */,
			);
			path = TipTuneTests;
			sourceTree = "<group>";
		};
		AE4446882C2DF1B300C68CA8 /* TipTuneUITests */ = {
			isa = PBXGroup;
			children = (
				AE4446892C2DF1B300C68CA8 /* TipTuneUITests.swift */,
				AE44468B2C2DF1B300C68CA8 /* TipTuneUITestsLaunchTests.swift */,
			);
			path = TipTuneUITests;
			sourceTree = "<group>";
		};
		AE4446982C2DFFD900C68CA8 /* Components */ = {
			isa = PBXGroup;
			children = (
				AE44469B2C2F903C00C68CA8 /* InputTextField.swift */,
				AE0C6D7C2C4833B900A92672 /* InputView.swift */,
			);
			path = Components;
			sourceTree = "<group>";
		};
/* End PBXGroup section */

/* Begin PBXNativeTarget section */
		AE44466A2C2DF1AD00C68CA8 /* TipTune */ = {
			isa = PBXNativeTarget;
			buildConfigurationList = AE44468F2C2DF1B300C68CA8 /* Build configuration list for PBXNativeTarget "TipTune" */;
			buildPhases = (
				AE4446672C2DF1AD00C68CA8 /* Sources */,
				AE4446682C2DF1AD00C68CA8 /* Frameworks */,
				AE4446692C2DF1AD00C68CA8 /* Resources */,
			);
			buildRules = (
			);
			dependencies = (
			);
			name = TipTune;
			productName = TipTune;
			productReference = AE44466B2C2DF1AD00C68CA8 /* TipTune.app */;
			productType = "com.apple.product-type.application";
		};
		AE44467A2C2DF1B300C68CA8 /* TipTuneTests */ = {
			isa = PBXNativeTarget;
			buildConfigurationList = AE4446922C2DF1B300C68CA8 /* Build configuration list for PBXNativeTarget "TipTuneTests" */;
			buildPhases = (
				AE4446772C2DF1B300C68CA8 /* Sources */,
				AE4446782C2DF1B300C68CA8 /* Frameworks */,
				AE4446792C2DF1B300C68CA8 /* Resources */,
			);
			buildRules = (
			);
			dependencies = (
				AE44467D2C2DF1B300C68CA8 /* PBXTargetDependency */,
			);
			name = TipTuneTests;
			productName = TipTuneTests;
			productReference = AE44467B2C2DF1B300C68CA8 /* TipTuneTests.xctest */;
			productType = "com.apple.product-type.bundle.unit-test";
		};
		AE4446842C2DF1B300C68CA8 /* TipTuneUITests */ = {
			isa = PBXNativeTarget;
			buildConfigurationList = AE4446952C2DF1B300C68CA8 /* Build configuration list for PBXNativeTarget "TipTuneUITests" */;
			buildPhases = (
				AE4446812C2DF1B300C68CA8 /* Sources */,
				AE4446822C2DF1B300C68CA8 /* Frameworks */,
				AE4446832C2DF1B300C68CA8 /* Resources */,
			);
			buildRules = (
			);
			dependencies = (
				AE4446872C2DF1B300C68CA8 /* PBXTargetDependency */,
			);
			name = TipTuneUITests;
			productName = TipTuneUITests;
			productReference = AE4446852C2DF1B300C68CA8 /* TipTuneUITests.xctest */;
			productType = "com.apple.product-type.bundle.ui-testing";
		};
/* End PBXNativeTarget section */

/* Begin PBXProject section */
		AE4446632C2DF1AD00C68CA8 /* Project object */ = {
			isa = PBXProject;
			attributes = {
				BuildIndependentTargetsInParallel = 1;
				LastSwiftUpdateCheck = 1540;
				LastUpgradeCheck = 1540;
				TargetAttributes = {
					AE44466A2C2DF1AD00C68CA8 = {
						CreatedOnToolsVersion = 15.4;
					};
					AE44467A2C2DF1B300C68CA8 = {
						CreatedOnToolsVersion = 15.4;
						TestTargetID = AE44466A2C2DF1AD00C68CA8;
					};
					AE4446842C2DF1B300C68CA8 = {
						CreatedOnToolsVersion = 15.4;
						TestTargetID = AE44466A2C2DF1AD00C68CA8;
					};
				};
			};
			buildConfigurationList = AE4446662C2DF1AD00C68CA8 /* Build configuration list for PBXProject "TipTune" */;
			compatibilityVersion = "Xcode 14.0";
			developmentRegion = en;
			hasScannedForEncodings = 0;
			knownRegions = (
				en,
				Base,
			);
			mainGroup = AE4446622C2DF1AD00C68CA8;
			productRefGroup = AE44466C2C2DF1AD00C68CA8 /* Products */;
			projectDirPath = "";
			projectRoot = "";
			targets = (
				AE44466A2C2DF1AD00C68CA8 /* TipTune */,
				AE44467A2C2DF1B300C68CA8 /* TipTuneTests */,
				AE4446842C2DF1B300C68CA8 /* TipTuneUITests */,
			);
		};
/* End PBXProject section */

/* Begin PBXResourcesBuildPhase section */
		AE4446692C2DF1AD00C68CA8 /* Resources */ = {
			isa = PBXResourcesBuildPhase;
			buildActionMask = 2147483647;
			files = (
				AE4446762C2DF1B200C68CA8 /* Preview Assets.xcassets in Resources */,
				AE4446732C2DF1B200C68CA8 /* Assets.xcassets in Resources */,
			);
			runOnlyForDeploymentPostprocessing = 0;
		};
		AE4446792C2DF1B300C68CA8 /* Resources */ = {
			isa = PBXResourcesBuildPhase;
			buildActionMask = 2147483647;
			files = (
			);
			runOnlyForDeploymentPostprocessing = 0;
		};
		AE4446832C2DF1B300C68CA8 /* Resources */ = {
			isa = PBXResourcesBuildPhase;
			buildActionMask = 2147483647;
			files = (
			);
			runOnlyForDeploymentPostprocessing = 0;
		};
/* End PBXResourcesBuildPhase section */

/* Begin PBXSourcesBuildPhase section */
		AE4446672C2DF1AD00C68CA8 /* Sources */ = {
			isa = PBXSourcesBuildPhase;
			buildActionMask = 2147483647;
			files = (
				AE4446712C2DF1AD00C68CA8 /* ContentView.swift in Sources */,
				AE44469C2C2F903C00C68CA8 /* InputTextField.swift in Sources */,
				AE0C6D7F2C49820300A92672 /* InitializationView.swift in Sources */,
				AE0C6D812C49873B00A92672 /* RegistrationView.swift in Sources */,
				AE0C6D7D2C4833B900A92672 /* InputView.swift in Sources */,
				AE0C6D7B2C47318100A92672 /* LoginView.swift in Sources */,
				AE44466F2C2DF1AD00C68CA8 /* TipTuneApp.swift in Sources */,
			);
			runOnlyForDeploymentPostprocessing = 0;
		};
		AE4446772C2DF1B300C68CA8 /* Sources */ = {
			isa = PBXSourcesBuildPhase;
			buildActionMask = 2147483647;
			files = (
				AE4446802C2DF1B300C68CA8 /* TipTuneTests.swift in Sources */,
			);
			runOnlyForDeploymentPostprocessing = 0;
		};
		AE4446812C2DF1B300C68CA8 /* Sources */ = {
			isa = PBXSourcesBuildPhase;
			buildActionMask = 2147483647;
			files = (
				AE44468C2C2DF1B300C68CA8 /* TipTuneUITestsLaunchTests.swift in Sources */,
				AE44468A2C2DF1B300C68CA8 /* TipTuneUITests.swift in Sources */,
			);
			runOnlyForDeploymentPostprocessing = 0;
		};
/* End PBXSourcesBuildPhase section */

/* Begin PBXTargetDependency section */
		AE44467D2C2DF1B300C68CA8 /* PBXTargetDependency */ = {
			isa = PBXTargetDependency;
			target = AE44466A2C2DF1AD00C68CA8 /* TipTune */;
			targetProxy = AE44467C2C2DF1B300C68CA8 /* PBXContainerItemProxy */;
		};
		AE4446872C2DF1B300C68CA8 /* PBXTargetDependency */ = {
			isa = PBXTargetDependency;
			target = AE44466A2C2DF1AD00C68CA8 /* TipTune */;
			targetProxy = AE4446862C2DF1B300C68CA8 /* PBXContainerItemProxy */;
		};
/* End PBXTargetDependency section */

/* Begin XCBuildConfiguration section */
		AE44468D2C2DF1B300C68CA8 /* Debug */ = {
			isa = XCBuildConfiguration;
			buildSettings = {
				ALWAYS_SEARCH_USER_PATHS = NO;
				ASSETCATALOG_COMPILER_GENERATE_SWIFT_ASSET_SYMBOL_EXTENSIONS = YES;
				CLANG_ANALYZER_NONNULL = YES;
				CLANG_ANALYZER_NUMBER_OBJECT_CONVERSION = YES_AGGRESSIVE;
				CLANG_CXX_LANGUAGE_STANDARD = "gnu++20";
				CLANG_ENABLE_MODULES = YES;
				CLANG_ENABLE_OBJC_ARC = YES;
				CLANG_ENABLE_OBJC_WEAK = YES;
				CLANG_WARN_BLOCK_CAPTURE_AUTORELEASING = YES;
				CLANG_WARN_BOOL_CONVERSION = YES;
				CLANG_WARN_COMMA = YES;
				CLANG_WARN_CONSTANT_CONVERSION = YES;
				CLANG_WARN_DEPRECATED_OBJC_IMPLEMENTATIONS = YES;
				CLANG_WARN_DIRECT_OBJC_ISA_USAGE = YES_ERROR;
				CLANG_WARN_DOCUMENTATION_COMMENTS = YES;
				CLANG_WARN_EMPTY_BODY = YES;
				CLANG_WARN_ENUM_CONVERSION = YES;
				CLANG_WARN_INFINITE_RECURSION = YES;
				CLANG_WARN_INT_CONVERSION = YES;
				CLANG_WARN_NON_LITERAL_NULL_CONVERSION = YES;
				CLANG_WARN_OBJC_IMPLICIT_RETAIN_SELF = YES;
				CLANG_WARN_OBJC_LITERAL_CONVERSION = YES;
				CLANG_WARN_OBJC_ROOT_CLASS = YES_ERROR;
				CLANG_WARN_QUOTED_INCLUDE_IN_FRAMEWORK_HEADER = YES;
				CLANG_WARN_RANGE_LOOP_ANALYSIS = YES;
				CLANG_WARN_STRICT_PROTOTYPES = YES;
				CLANG_WARN_SUSPICIOUS_MOVE = YES;
				CLANG_WARN_UNGUARDED_AVAILABILITY = YES_AGGRESSIVE;
				CLANG_WARN_UNREACHABLE_CODE = YES;
				CLANG_WARN__DUPLICATE_METHOD_MATCH = YES;
				COPY_PHASE_STRIP = NO;
				DEBUG_INFORMATION_FORMAT = dwarf;
				ENABLE_STRICT_OBJC_MSGSEND = YES;
				ENABLE_TESTABILITY = YES;
				ENABLE_USER_SCRIPT_SANDBOXING = YES;
				GCC_C_LANGUAGE_STANDARD = gnu17;
				GCC_DYNAMIC_NO_PIC = NO;
				GCC_NO_COMMON_BLOCKS = YES;
				GCC_OPTIMIZATION_LEVEL = 0;
				GCC_PREPROCESSOR_DEFINITIONS = (
					"DEBUG=1",
					"$(inherited)",
				);
				GCC_WARN_64_TO_32_BIT_CONVERSION = YES;
				GCC_WARN_ABOUT_RETURN_TYPE = YES_ERROR;
				GCC_WARN_UNDECLARED_SELECTOR = YES;
				GCC_WARN_UNINITIALIZED_AUTOS = YES_AGGRESSIVE;
				GCC_WARN_UNUSED_FUNCTION = YES;
				GCC_WARN_UNUSED_VARIABLE = YES;
				IPHONEOS_DEPLOYMENT_TARGET = 17.5;
				LOCALIZATION_PREFERS_STRING_CATALOGS = YES;
				MTL_ENABLE_DEBUG_INFO = INCLUDE_SOURCE;
				MTL_FAST_MATH = YES;
				ONLY_ACTIVE_ARCH = YES;
				SDKROOT = iphoneos;
				SWIFT_ACTIVE_COMPILATION_CONDITIONS = "DEBUG $(inherited)";
				SWIFT_OPTIMIZATION_LEVEL = "-Onone";
			};
			name = Debug;
		};
		AE44468E2C2DF1B300C68CA8 /* Release */ = {
			isa = XCBuildConfiguration;
			buildSettings = {
				ALWAYS_SEARCH_USER_PATHS = NO;
				ASSETCATALOG_COMPILER_GENERATE_SWIFT_ASSET_SYMBOL_EXTENSIONS = YES;
				CLANG_ANALYZER_NONNULL = YES;
				CLANG_ANALYZER_NUMBER_OBJECT_CONVERSION = YES_AGGRESSIVE;
				CLANG_CXX_LANGUAGE_STANDARD = "gnu++20";
				CLANG_ENABLE_MODULES = YES;
				CLANG_ENABLE_OBJC_ARC = YES;
				CLANG_ENABLE_OBJC_WEAK = YES;
				CLANG_WARN_BLOCK_CAPTURE_AUTORELEASING = YES;
				CLANG_WARN_BOOL_CONVERSION = YES;
				CLANG_WARN_COMMA = YES;
				CLANG_WARN_CONSTANT_CONVERSION = YES;
				CLANG_WARN_DEPRECATED_OBJC_IMPLEMENTATIONS = YES;
				CLANG_WARN_DIRECT_OBJC_ISA_USAGE = YES_ERROR;
				CLANG_WARN_DOCUMENTATION_COMMENTS = YES;
				CLANG_WARN_EMPTY_BODY = YES;
				CLANG_WARN_ENUM_CONVERSION = YES;
				CLANG_WARN_INFINITE_RECURSION = YES;
				CLANG_WARN_INT_CONVERSION = YES;
				CLANG_WARN_NON_LITERAL_NULL_CONVERSION = YES;
				CLANG_WARN_OBJC_IMPLICIT_RETAIN_SELF = YES;
				CLANG_WARN_OBJC_LITERAL_CONVERSION = YES;
				CLANG_WARN_OBJC_ROOT_CLASS = YES_ERROR;
				CLANG_WARN_QUOTED_INCLUDE_IN_FRAMEWORK_HEADER = YES;
				CLANG_WARN_RANGE_LOOP_ANALYSIS = YES;
				CLANG_WARN_STRICT_PROTOTYPES = YES;
				CLANG_WARN_SUSPICIOUS_MOVE = YES;
				CLANG_WARN_UNGUARDED_AVAILABILITY = YES_AGGRESSIVE;
				CLANG_WARN_UNREACHABLE_CODE = YES;
				CLANG_WARN__DUPLICATE_METHOD_MATCH = YES;
				COPY_PHASE_STRIP = NO;
				DEBUG_INFORMATION_FORMAT = "dwarf-with-dsym";
				ENABLE_NS_ASSERTIONS = NO;
				ENABLE_STRICT_OBJC_MSGSEND = YES;
				ENABLE_USER_SCRIPT_SANDBOXING = YES;
				GCC_C_LANGUAGE_STANDARD = gnu17;
				GCC_NO_COMMON_BLOCKS = YES;
				GCC_WARN_64_TO_32_BIT_CONVERSION = YES;
				GCC_WARN_ABOUT_RETURN_TYPE = YES_ERROR;
				GCC_WARN_UNDECLARED_SELECTOR = YES;
				GCC_WARN_UNINITIALIZED_AUTOS = YES_AGGRESSIVE;
				GCC_WARN_UNUSED_FUNCTION = YES;
				GCC_WARN_UNUSED_VARIABLE = YES;
				IPHONEOS_DEPLOYMENT_TARGET = 17.5;
				LOCALIZATION_PREFERS_STRING_CATALOGS = YES;
				MTL_ENABLE_DEBUG_INFO = NO;
				MTL_FAST_MATH = YES;
				SDKROOT = iphoneos;
				SWIFT_COMPILATION_MODE = wholemodule;
				VALIDATE_PRODUCT = YES;
			};
			name = Release;
		};
		AE4446902C2DF1B300C68CA8 /* Debug */ = {
			isa = XCBuildConfiguration;
			buildSettings = {
				ASSETCATALOG_COMPILER_APPICON_NAME = AppIcon;
				ASSETCATALOG_COMPILER_GLOBAL_ACCENT_COLOR_NAME = AccentColor;
				CODE_SIGN_STYLE = Automatic;
				CURRENT_PROJECT_VERSION = 1;
				DEVELOPMENT_ASSET_PATHS = "\"TipTune/Preview Content\"";
				DEVELOPMENT_TEAM = N8GRT6TSRS;
				ENABLE_PREVIEWS = YES;
				GENERATE_INFOPLIST_FILE = YES;
				INFOPLIST_KEY_UIApplicationSceneManifest_Generation = YES;
				INFOPLIST_KEY_UIApplicationSupportsIndirectInputEvents = YES;
				INFOPLIST_KEY_UILaunchScreen_Generation = YES;
				INFOPLIST_KEY_UISupportedInterfaceOrientations_iPad = "UIInterfaceOrientationPortrait UIInterfaceOrientationPortraitUpsideDown UIInterfaceOrientationLandscapeLeft UIInterfaceOrientationLandscapeRight";
				INFOPLIST_KEY_UISupportedInterfaceOrientations_iPhone = "UIInterfaceOrientationPortrait UIInterfaceOrientationLandscapeLeft UIInterfaceOrientationLandscapeRight";
				LD_RUNPATH_SEARCH_PATHS = (
					"$(inherited)",
					"@executable_path/Frameworks",
				);
				MARKETING_VERSION = 1.0;
				PRODUCT_BUNDLE_IDENTIFIER = "TipTune-co.TipTune";
				PRODUCT_NAME = "$(TARGET_NAME)";
				SWIFT_EMIT_LOC_STRINGS = YES;
				SWIFT_VERSION = 5.0;
				TARGETED_DEVICE_FAMILY = "1,2";
			};
			name = Debug;
		};
		AE4446912C2DF1B300C68CA8 /* Release */ = {
			isa = XCBuildConfiguration;
			buildSettings = {
				ASSETCATALOG_COMPILER_APPICON_NAME = AppIcon;
				ASSETCATALOG_COMPILER_GLOBAL_ACCENT_COLOR_NAME = AccentColor;
				CODE_SIGN_STYLE = Automatic;
				CURRENT_PROJECT_VERSION = 1;
				DEVELOPMENT_ASSET_PATHS = "\"TipTune/Preview Content\"";
				DEVELOPMENT_TEAM = N8GRT6TSRS;
				ENABLE_PREVIEWS = YES;
				GENERATE_INFOPLIST_FILE = YES;
				INFOPLIST_KEY_UIApplicationSceneManifest_Generation = YES;
				INFOPLIST_KEY_UIApplicationSupportsIndirectInputEvents = YES;
				INFOPLIST_KEY_UILaunchScreen_Generation = YES;
				INFOPLIST_KEY_UISupportedInterfaceOrientations_iPad = "UIInterfaceOrientationPortrait UIInterfaceOrientationPortraitUpsideDown UIInterfaceOrientationLandscapeLeft UIInterfaceOrientationLandscapeRight";
				INFOPLIST_KEY_UISupportedInterfaceOrientations_iPhone = "UIInterfaceOrientationPortrait UIInterfaceOrientationLandscapeLeft UIInterfaceOrientationLandscapeRight";
				LD_RUNPATH_SEARCH_PATHS = (
					"$(inherited)",
					"@executable_path/Frameworks",
				);
				MARKETING_VERSION = 1.0;
				PRODUCT_BUNDLE_IDENTIFIER = "TipTune-co.TipTune";
				PRODUCT_NAME = "$(TARGET_NAME)";
				SWIFT_EMIT_LOC_STRINGS = YES;
				SWIFT_VERSION = 5.0;
				TARGETED_DEVICE_FAMILY = "1,2";
			};
			name = Release;
		};
		AE4446932C2DF1B300C68CA8 /* Debug */ = {
			isa = XCBuildConfiguration;
			buildSettings = {
				ALWAYS_EMBED_SWIFT_STANDARD_LIBRARIES = YES;
				BUNDLE_LOADER = "$(TEST_HOST)";
				CODE_SIGN_STYLE = Automatic;
				CURRENT_PROJECT_VERSION = 1;
				DEVELOPMENT_TEAM = N8GRT6TSRS;
				GENERATE_INFOPLIST_FILE = YES;
				IPHONEOS_DEPLOYMENT_TARGET = 17.5;
				MARKETING_VERSION = 1.0;
				PRODUCT_BUNDLE_IDENTIFIER = "TipTune-co.TipTuneTests";
				PRODUCT_NAME = "$(TARGET_NAME)";
				SWIFT_EMIT_LOC_STRINGS = NO;
				SWIFT_VERSION = 5.0;
				TARGETED_DEVICE_FAMILY = "1,2";
				TEST_HOST = "$(BUILT_PRODUCTS_DIR)/TipTune.app/$(BUNDLE_EXECUTABLE_FOLDER_PATH)/TipTune";
			};
			name = Debug;
		};
		AE4446942C2DF1B300C68CA8 /* Release */ = {
			isa = XCBuildConfiguration;
			buildSettings = {
				ALWAYS_EMBED_SWIFT_STANDARD_LIBRARIES = YES;
				BUNDLE_LOADER = "$(TEST_HOST)";
				CODE_SIGN_STYLE = Automatic;
				CURRENT_PROJECT_VERSION = 1;
				DEVELOPMENT_TEAM = N8GRT6TSRS;
				GENERATE_INFOPLIST_FILE = YES;
				IPHONEOS_DEPLOYMENT_TARGET = 17.5;
				MARKETING_VERSION = 1.0;
				PRODUCT_BUNDLE_IDENTIFIER = "TipTune-co.TipTuneTests";
				PRODUCT_NAME = "$(TARGET_NAME)";
				SWIFT_EMIT_LOC_STRINGS = NO;
				SWIFT_VERSION = 5.0;
				TARGETED_DEVICE_FAMILY = "1,2";
				TEST_HOST = "$(BUILT_PRODUCTS_DIR)/TipTune.app/$(BUNDLE_EXECUTABLE_FOLDER_PATH)/TipTune";
			};
			name = Release;
		};
		AE4446962C2DF1B300C68CA8 /* Debug */ = {
			isa = XCBuildConfiguration;
			buildSettings = {
				ALWAYS_EMBED_SWIFT_STANDARD_LIBRARIES = YES;
				CODE_SIGN_STYLE = Automatic;
				CURRENT_PROJECT_VERSION = 1;
				DEVELOPMENT_TEAM = N8GRT6TSRS;
				GENERATE_INFOPLIST_FILE = YES;
				MARKETING_VERSION = 1.0;
				PRODUCT_BUNDLE_IDENTIFIER = "TipTune-co.TipTuneUITests";
				PRODUCT_NAME = "$(TARGET_NAME)";
				SWIFT_EMIT_LOC_STRINGS = NO;
				SWIFT_VERSION = 5.0;
				TARGETED_DEVICE_FAMILY = "1,2";
				TEST_TARGET_NAME = TipTune;
			};
			name = Debug;
		};
		AE4446972C2DF1B300C68CA8 /* Release */ = {
			isa = XCBuildConfiguration;
			buildSettings = {
				ALWAYS_EMBED_SWIFT_STANDARD_LIBRARIES = YES;
				CODE_SIGN_STYLE = Automatic;
				CURRENT_PROJECT_VERSION = 1;
				DEVELOPMENT_TEAM = N8GRT6TSRS;
				GENERATE_INFOPLIST_FILE = YES;
				MARKETING_VERSION = 1.0;
				PRODUCT_BUNDLE_IDENTIFIER = "TipTune-co.TipTuneUITests";
				PRODUCT_NAME = "$(TARGET_NAME)";
				SWIFT_EMIT_LOC_STRINGS = NO;
				SWIFT_VERSION = 5.0;
				TARGETED_DEVICE_FAMILY = "1,2";
				TEST_TARGET_NAME = TipTune;
			};
			name = Release;
		};
/* End XCBuildConfiguration section */

/* Begin XCConfigurationList section */
		AE4446662C2DF1AD00C68CA8 /* Build configuration list for PBXProject "TipTune" */ = {
			isa = XCConfigurationList;
			buildConfigurations = (
				AE44468D2C2DF1B300C68CA8 /* Debug */,
				AE44468E2C2DF1B300C68CA8 /* Release */,
			);
			defaultConfigurationIsVisible = 0;
			defaultConfigurationName = Release;
		};
		AE44468F2C2DF1B300C68CA8 /* Build configuration list for PBXNativeTarget "TipTune" */ = {
			isa = XCConfigurationList;
			buildConfigurations = (
				AE4446902C2DF1B300C68CA8 /* Debug */,
				AE4446912C2DF1B300C68CA8 /* Release */,
			);
			defaultConfigurationIsVisible = 0;
			defaultConfigurationName = Release;
		};
		AE4446922C2DF1B300C68CA8 /* Build configuration list for PBXNativeTarget "TipTuneTests" */ = {
			isa = XCConfigurationList;
			buildConfigurations = (
				AE4446932C2DF1B300C68CA8 /* Debug */,
				AE4446942C2DF1B300C68CA8 /* Release */,
			);
			defaultConfigurationIsVisible = 0;
			defaultConfigurationName = Release;
		};
		AE4446952C2DF1B300C68CA8 /* Build configuration list for PBXNativeTarget "TipTuneUITests" */ = {
			isa = XCConfigurationList;
			buildConfigurations = (
				AE4446962C2DF1B300C68CA8 /* Debug */,
				AE4446972C2DF1B300C68CA8 /* Release */,
			);
			defaultConfigurationIsVisible = 0;
			defaultConfigurationName = Release;
		};
/* End XCConfigurationList section */
	};
	rootObject = AE4446632C2DF1AD00C68CA8 /* Project object */;
}
